// !$*UTF8*$!
{
	archiveVersion = 1;
	classes = {
	};
	objectVersion = 46;
	objects = {

/* Begin PBXBuildFile section */
		0B8298991CE9DDA20087EA18 /* ReactNativeCalendarEvents.h in CopyFiles */ = {isa = PBXBuildFile; fileRef = 0B8298981CE9DDA20087EA18 /* ReactNativeCalendarEvents.h */; };
		0B82989B1CE9DDA20087EA18 /* ReactNativeCalendarEvents.m in Sources */ = {isa = PBXBuildFile; fileRef = 0B82989A1CE9DDA20087EA18 /* ReactNativeCalendarEvents.m */; };
		0B8298AA1CE9E2080087EA18 /* EventKit.framework in Frameworks */ = {isa = PBXBuildFile; fileRef = 0B8298A91CE9E2080087EA18 /* EventKit.framework */; };
/* End PBXBuildFile section */

/* Begin PBXCopyFilesBuildPhase section */
		0B8298931CE9DDA10087EA18 /* CopyFiles */ = {
			isa = PBXCopyFilesBuildPhase;
			buildActionMask = 2147483647;
			dstPath = "include/$(PRODUCT_NAME)";
			dstSubfolderSpec = 16;
			files = (
				0B8298991CE9DDA20087EA18 /* ReactNativeCalendarEvents.h in CopyFiles */,
			);
			runOnlyForDeploymentPostprocessing = 0;
		};
/* End PBXCopyFilesBuildPhase section */

/* Begin PBXFileReference section */
		0B8298951CE9DDA10087EA18 /* libReactNativeCalendarEvents.a */ = {isa = PBXFileReference; explicitFileType = archive.ar; includeInIndex = 0; path = libReactNativeCalendarEvents.a; sourceTree = BUILT_PRODUCTS_DIR; };
		0B8298981CE9DDA20087EA18 /* ReactNativeCalendarEvents.h */ = {isa = PBXFileReference; lastKnownFileType = sourcecode.c.h; path = ReactNativeCalendarEvents.h; sourceTree = "<group>"; };
		0B82989A1CE9DDA20087EA18 /* ReactNativeCalendarEvents.m */ = {isa = PBXFileReference; lastKnownFileType = sourcecode.c.objc; path = ReactNativeCalendarEvents.m; sourceTree = "<group>"; };
		0B8298A91CE9E2080087EA18 /* EventKit.framework */ = {isa = PBXFileReference; lastKnownFileType = wrapper.framework; name = EventKit.framework; path = System/Library/Frameworks/EventKit.framework; sourceTree = SDKROOT; };
/* End PBXFileReference section */

/* Begin PBXFrameworksBuildPhase section */
		0B8298921CE9DDA10087EA18 /* Frameworks */ = {
			isa = PBXFrameworksBuildPhase;
			buildActionMask = 2147483647;
			files = (
				0B8298AA1CE9E2080087EA18 /* EventKit.framework in Frameworks */,
			);
			runOnlyForDeploymentPostprocessing = 0;
		};
/* End PBXFrameworksBuildPhase section */

/* Begin PBXGroup section */
		0B82988C1CE9DDA10087EA18 = {
			isa = PBXGroup;
			children = (
				0B8298A91CE9E2080087EA18 /* EventKit.framework */,
				0B8298971CE9DDA20087EA18 /* ReactNativeCalendarEvents */,
				0B8298961CE9DDA10087EA18 /* Products */,
			);
			sourceTree = "<group>";
		};
		0B8298961CE9DDA10087EA18 /* Products */ = {
			isa = PBXGroup;
			children = (
				0B8298951CE9DDA10087EA18 /* libReactNativeCalendarEvents.a */,
			);
			name = Products;
			sourceTree = "<group>";
		};
		0B8298971CE9DDA20087EA18 /* ReactNativeCalendarEvents */ = {
			isa = PBXGroup;
			children = (
				0B8298981CE9DDA20087EA18 /* ReactNativeCalendarEvents.h */,
				0B82989A1CE9DDA20087EA18 /* ReactNativeCalendarEvents.m */,
			);
			path = ReactNativeCalendarEvents;
			sourceTree = "<group>";
		};
/* End PBXGroup section */

/* Begin PBXNativeTarget section */
		0B8298941CE9DDA10087EA18 /* ReactNativeCalendarEvents */ = {
			isa = PBXNativeTarget;
			buildConfigurationList = 0B82989E1CE9DDA20087EA18 /* Build configuration list for PBXNativeTarget "ReactNativeCalendarEvents" */;
			buildPhases = (
				0B8298911CE9DDA10087EA18 /* Sources */,
				0B8298921CE9DDA10087EA18 /* Frameworks */,
				0B8298931CE9DDA10087EA18 /* CopyFiles */,
			);
			buildRules = (
			);
			dependencies = (
			);
			name = ReactNativeCalendarEvents;
			productName = ReactNativeCalendarEvents;
			productReference = 0B8298951CE9DDA10087EA18 /* libReactNativeCalendarEvents.a */;
			productType = "com.apple.product-type.library.static";
		};
/* End PBXNativeTarget section */

/* Begin PBXProject section */
		0B82988D1CE9DDA10087EA18 /* Project object */ = {
			isa = PBXProject;
			attributes = {
				LastUpgradeCheck = 0730;
				ORGANIZATIONNAME = "M2D2 Pty Ltd";
				TargetAttributes = {
					0B8298941CE9DDA10087EA18 = {
						CreatedOnToolsVersion = 7.3;
					};
				};
			};
			buildConfigurationList = 0B8298901CE9DDA10087EA18 /* Build configuration list for PBXProject "ReactNativeCalendarEvents" */;
			compatibilityVersion = "Xcode 3.2";
			developmentRegion = English;
			hasScannedForEncodings = 0;
			knownRegions = (
				en,
			);
			mainGroup = 0B82988C1CE9DDA10087EA18;
			productRefGroup = 0B8298961CE9DDA10087EA18 /* Products */;
			projectDirPath = "";
			projectRoot = "";
			targets = (
				0B8298941CE9DDA10087EA18 /* ReactNativeCalendarEvents */,
			);
		};
/* End PBXProject section */

/* Begin PBXSourcesBuildPhase section */
		0B8298911CE9DDA10087EA18 /* Sources */ = {
			isa = PBXSourcesBuildPhase;
			buildActionMask = 2147483647;
			files = (
				0B82989B1CE9DDA20087EA18 /* ReactNativeCalendarEvents.m in Sources */,
			);
			runOnlyForDeploymentPostprocessing = 0;
		};
/* End PBXSourcesBuildPhase section */

/* Begin XCBuildConfiguration section */
		0B82989C1CE9DDA20087EA18 /* Debug */ = {
			isa = XCBuildConfiguration;
			buildSettings = {
				ALWAYS_SEARCH_USER_PATHS = NO;
				CLANG_ANALYZER_NONNULL = YES;
				CLANG_CXX_LANGUAGE_STANDARD = "gnu++0x";
				CLANG_CXX_LIBRARY = "libc++";
				CLANG_ENABLE_MODULES = YES;
				CLANG_ENABLE_OBJC_ARC = YES;
				CLANG_WARN_BOOL_CONVERSION = YES;
				CLANG_WARN_CONSTANT_CONVERSION = YES;
				CLANG_WARN_DIRECT_OBJC_ISA_USAGE = YES_ERROR;
				CLANG_WARN_EMPTY_BODY = YES;
				CLANG_WARN_ENUM_CONVERSION = YES;
				CLANG_WARN_INT_CONVERSION = YES;
				CLANG_WARN_OBJC_ROOT_CLASS = YES_ERROR;
				CLANG_WARN_UNREACHABLE_CODE = YES;
				CLANG_WARN__DUPLICATE_METHOD_MATCH = YES;
				"CODE_SIGN_IDENTITY[sdk=iphoneos*]" = "iPhone Developer";
				COPY_PHASE_STRIP = NO;
				DEBUG_INFORMATION_FORMAT = dwarf;
				ENABLE_STRICT_OBJC_MSGSEND = YES;
				ENABLE_TESTABILITY = YES;
				GCC_C_LANGUAGE_STANDARD = gnu99;
				GCC_DYNAMIC_NO_PIC = NO;
				GCC_NO_COMMON_BLOCKS = YES;
				GCC_OPTIMIZATION_LEVEL = 0;
				GCC_PREPROCESSOR_DEFINITIONS = (
					"DEBUG=1",
					"$(inherited)",
				);
				GCC_WARN_64_TO_32_BIT_CONVERSION = YES;
				GCC_WARN_ABOUT_RETURN_TYPE = YES_ERROR;
				GCC_WARN_UNDECLARED_SELECTOR = YES;
				GCC_WARN_UNINITIALIZED_AUTOS = YES_AGGRESSIVE;
				GCC_WARN_UNUSED_FUNCTION = YES;
				GCC_WARN_UNUSED_VARIABLE = YES;
				IPHONEOS_DEPLOYMENT_TARGET = 9.3;
				MTL_ENABLE_DEBUG_INFO = YES;
				ONLY_ACTIVE_ARCH = YES;
				SDKROOT = iphoneos;
			};
			name = Debug;
		};
		0B82989D1CE9DDA20087EA18 /* Release */ = {
			isa = XCBuildConfiguration;
			buildSettings = {
				ALWAYS_SEARCH_USER_PATHS = NO;
				CLANG_ANALYZER_NONNULL = YES;
				CLANG_CXX_LANGUAGE_STANDARD = "gnu++0x";
				CLANG_CXX_LIBRARY = "libc++";
				CLANG_ENABLE_MODULES = YES;
				CLANG_ENABLE_OBJC_ARC = YES;
				CLANG_WARN_BOOL_CONVERSION = YES;
				CLANG_WARN_CONSTANT_CONVERSION = YES;
				CLANG_WARN_DIRECT_OBJC_ISA_USAGE = YES_ERROR;
				CLANG_WARN_EMPTY_BODY = YES;
				CLANG_WARN_ENUM_CONVERSION = YES;
				CLANG_WARN_INT_CONVERSION = YES;
				CLANG_WARN_OBJC_ROOT_CLASS = YES_ERROR;
				CLANG_WARN_UNREACHABLE_CODE = YES;
				CLANG_WARN__DUPLICATE_METHOD_MATCH = YES;
				"CODE_SIGN_IDENTITY[sdk=iphoneos*]" = "iPhone Developer";
				COPY_PHASE_STRIP = NO;
				DEBUG_INFORMATION_FORMAT = "dwarf-with-dsym";
				ENABLE_NS_ASSERTIONS = NO;
				ENABLE_STRICT_OBJC_MSGSEND = YES;
				GCC_C_LANGUAGE_STANDARD = gnu99;
				GCC_NO_COMMON_BLOCKS = YES;
				GCC_WARN_64_TO_32_BIT_CONVERSION = YES;
				GCC_WARN_ABOUT_RETURN_TYPE = YES_ERROR;
				GCC_WARN_UNDECLARED_SELECTOR = YES;
				GCC_WARN_UNINITIALIZED_AUTOS = YES_AGGRESSIVE;
				GCC_WARN_UNUSED_FUNCTION = YES;
				GCC_WARN_UNUSED_VARIABLE = YES;
				IPHONEOS_DEPLOYMENT_TARGET = 9.3;
				MTL_ENABLE_DEBUG_INFO = NO;
				SDKROOT = iphoneos;
				VALIDATE_PRODUCT = YES;
			};
			name = Release;
		};
		0B82989F1CE9DDA20087EA18 /* Debug */ = {
			isa = XCBuildConfiguration;
			buildSettings = {
				HEADER_SEARCH_PATHS = "../../node_modules/react-native/React/**";
				OTHER_LDFLAGS = "-ObjC";
				PRODUCT_NAME = "$(TARGET_NAME)";
				SKIP_INSTALL = YES;
			};
			name = Debug;
		};
		0B8298A01CE9DDA20087EA18 /* Release */ = {
			isa = XCBuildConfiguration;
			buildSettings = {
				HEADER_SEARCH_PATHS = "../../node_modules/react-native/React/**";
				OTHER_LDFLAGS = "-ObjC";
				PRODUCT_NAME = "$(TARGET_NAME)";
				SKIP_INSTALL = YES;
			};
			name = Release;
		};
/* End XCBuildConfiguration section */

/* Begin XCConfigurationList section */
		0B8298901CE9DDA10087EA18 /* Build configuration list for PBXProject "ReactNativeCalendarEvents" */ = {
			isa = XCConfigurationList;
			buildConfigurations = (
				0B82989C1CE9DDA20087EA18 /* Debug */,
				0B82989D1CE9DDA20087EA18 /* Release */,
			);
			defaultConfigurationIsVisible = 0;
			defaultConfigurationName = Release;
		};
		0B82989E1CE9DDA20087EA18 /* Build configuration list for PBXNativeTarget "ReactNativeCalendarEvents" */ = {
			isa = XCConfigurationList;
			buildConfigurations = (
				0B82989F1CE9DDA20087EA18 /* Debug */,
				0B8298A01CE9DDA20087EA18 /* Release */,
			);
			defaultConfigurationIsVisible = 0;
		};
/* End XCConfigurationList section */
	};
	rootObject = 0B82988D1CE9DDA10087EA18 /* Project object */;
}
